// !$*UTF8*$!
{
	archiveVersion = 1;
	classes = {
	};
	objectVersion = 50;
	objects = {

/* Begin PBXBuildFile section */
		23064986215D710300778E85 /* SplitViewController.swift in Sources */ = {isa = PBXBuildFile; fileRef = 23064984215D710300778E85 /* SplitViewController.swift */; };
		23064987215D710300778E85 /* SplitViewController.xib in Resources */ = {isa = PBXBuildFile; fileRef = 23064985215D710300778E85 /* SplitViewController.xib */; };
		2306499C215DAB8900778E85 /* HouseListDetailableViewController.swift in Sources */ = {isa = PBXBuildFile; fileRef = 2306499A215DAB8900778E85 /* HouseListDetailableViewController.swift */; };
		2306499D215DAB8900778E85 /* HouseListDetailableViewController.xib in Resources */ = {isa = PBXBuildFile; fileRef = 2306499B215DAB8900778E85 /* HouseListDetailableViewController.xib */; };
		23136661215848A800FF86FF /* SeasonListViewController.swift in Sources */ = {isa = PBXBuildFile; fileRef = 2313665F215848A800FF86FF /* SeasonListViewController.swift */; };
		23136662215848A800FF86FF /* SeasonListViewController.xib in Resources */ = {isa = PBXBuildFile; fileRef = 23136660215848A800FF86FF /* SeasonListViewController.xib */; };
		23136665215851AB00FF86FF /* SeasonDetailViewController.swift in Sources */ = {isa = PBXBuildFile; fileRef = 23136663215851AB00FF86FF /* SeasonDetailViewController.swift */; };
		23136666215851AB00FF86FF /* SeasonDetailViewController.xib in Resources */ = {isa = PBXBuildFile; fileRef = 23136664215851AB00FF86FF /* SeasonDetailViewController.xib */; };
		231382F22158B575008A0A69 /* EpisodeListViewController.swift in Sources */ = {isa = PBXBuildFile; fileRef = 231382F02158B575008A0A69 /* EpisodeListViewController.swift */; };
		231382F32158B575008A0A69 /* EpisodeListViewController.xib in Resources */ = {isa = PBXBuildFile; fileRef = 231382F12158B575008A0A69 /* EpisodeListViewController.xib */; };
		231C1AF72149A1A900707320 /* codeIsComing.png in Resources */ = {isa = PBXBuildFile; fileRef = 231C1AF62149A1A900707320 /* codeIsComing.png */; };
		231C1AF92149A1B500707320 /* lannister.jpg in Resources */ = {isa = PBXBuildFile; fileRef = 231C1AF82149A1B500707320 /* lannister.jpg */; };
		231C1AFB2149A1BC00707320 /* targaryenSmall.jpg in Resources */ = {isa = PBXBuildFile; fileRef = 231C1AFA2149A1BC00707320 /* targaryenSmall.jpg */; };
		231C1B002149A32000707320 /* HouseDetailViewController.swift in Sources */ = {isa = PBXBuildFile; fileRef = 231C1AFE2149A32000707320 /* HouseDetailViewController.swift */; };
		231C1B012149A32000707320 /* HouseDetailViewController.xib in Resources */ = {isa = PBXBuildFile; fileRef = 231C1AFF2149A32000707320 /* HouseDetailViewController.xib */; };
		231C1B072149B9F500707320 /* UIViewController+Navigation.swift in Sources */ = {isa = PBXBuildFile; fileRef = 231C1B062149B9F500707320 /* UIViewController+Navigation.swift */; };
		231C1B092149BBFA00707320 /* RepositoriesTest.swift in Sources */ = {isa = PBXBuildFile; fileRef = 231C1B082149BBFA00707320 /* RepositoriesTest.swift */; };
		231C1B0C2149BCC800707320 /* Repository.swift in Sources */ = {isa = PBXBuildFile; fileRef = 231C1B0B2149BCC800707320 /* Repository.swift */; };
		231C20862159616E00024F2D /* EpisodeDetailViewController.swift in Sources */ = {isa = PBXBuildFile; fileRef = 231C20842159616E00024F2D /* EpisodeDetailViewController.swift */; };
		231C20872159616E00024F2D /* EpisodeDetailViewController.xib in Resources */ = {isa = PBXBuildFile; fileRef = 231C20852159616E00024F2D /* EpisodeDetailViewController.xib */; };
		23233B83215189B900E7D849 /* MemberListViewController.swift in Sources */ = {isa = PBXBuildFile; fileRef = 23233B81215189B900E7D849 /* MemberListViewController.swift */; };
		23233B84215189B900E7D849 /* MemberListViewController.xib in Resources */ = {isa = PBXBuildFile; fileRef = 23233B82215189B900E7D849 /* MemberListViewController.xib */; };
		234034432150336F00BDB0C2 /* WikiViewController.swift in Sources */ = {isa = PBXBuildFile; fileRef = 234034412150336F00BDB0C2 /* WikiViewController.swift */; };
		234034442150336F00BDB0C2 /* WikiViewController.xib in Resources */ = {isa = PBXBuildFile; fileRef = 234034422150336F00BDB0C2 /* WikiViewController.xib */; };
		23786D752141B36C00FB006A /* AppDelegate.swift in Sources */ = {isa = PBXBuildFile; fileRef = 23786D742141B36C00FB006A /* AppDelegate.swift */; };
		23786D7C2141B36E00FB006A /* Assets.xcassets in Resources */ = {isa = PBXBuildFile; fileRef = 23786D7B2141B36E00FB006A /* Assets.xcassets */; };
		23786D7F2141B36E00FB006A /* LaunchScreen.storyboard in Resources */ = {isa = PBXBuildFile; fileRef = 23786D7D2141B36E00FB006A /* LaunchScreen.storyboard */; };
		23786D952141BC0F00FB006A /* HouseTests.swift in Sources */ = {isa = PBXBuildFile; fileRef = 23786D942141BC0F00FB006A /* HouseTests.swift */; };
		23786D982141BDA300FB006A /* House.swift in Sources */ = {isa = PBXBuildFile; fileRef = 23786D972141BDA300FB006A /* House.swift */; };
		23786D9A2141C22800FB006A /* Sigil.swift in Sources */ = {isa = PBXBuildFile; fileRef = 23786D992141C22800FB006A /* Sigil.swift */; };
		23786D9C2141C9AF00FB006A /* Person.swift in Sources */ = {isa = PBXBuildFile; fileRef = 23786D9B2141C9AF00FB006A /* Person.swift */; };
		23786D9E2141CA0D00FB006A /* PersonTests.swift in Sources */ = {isa = PBXBuildFile; fileRef = 23786D9D2141CA0D00FB006A /* PersonTests.swift */; };
		238A85C12151A89200E9CC24 /* Constants.swift in Sources */ = {isa = PBXBuildFile; fileRef = 238A85C02151A89200E9CC24 /* Constants.swift */; };
		238A85C52151B57000E9CC24 /* SeasonsTest.swift in Sources */ = {isa = PBXBuildFile; fileRef = 238A85C42151B57000E9CC24 /* SeasonsTest.swift */; };
		238A85C72151B60A00E9CC24 /* Season.swift in Sources */ = {isa = PBXBuildFile; fileRef = 238A85C62151B60A00E9CC24 /* Season.swift */; };
		23B0C6AE2152D06D00F0E3C8 /* Date.swift in Sources */ = {isa = PBXBuildFile; fileRef = 23B0C6AD2152D06C00F0E3C8 /* Date.swift */; };
		23B0C6B02152D98000F0E3C8 /* EpisodesTest.swift in Sources */ = {isa = PBXBuildFile; fileRef = 23B0C6AF2152D98000F0E3C8 /* EpisodesTest.swift */; };
		23B0C6B22152DAC500F0E3C8 /* Notification+Name.swift in Sources */ = {isa = PBXBuildFile; fileRef = 23B0C6B12152DAC500F0E3C8 /* Notification+Name.swift */; };
		23B0C6B72152DF2D00F0E3C8 /* HouseCell.swift in Sources */ = {isa = PBXBuildFile; fileRef = 23B0C6B52152DF2D00F0E3C8 /* HouseCell.swift */; };
		23B0C6B82152DF2D00F0E3C8 /* HouseCell.xib in Resources */ = {isa = PBXBuildFile; fileRef = 23B0C6B62152DF2D00F0E3C8 /* HouseCell.xib */; };
		23B0C6BA2152E95400F0E3C8 /* Episode.swift in Sources */ = {isa = PBXBuildFile; fileRef = 23B0C6B92152E95400F0E3C8 /* Episode.swift */; };
		23F8C819215E7BCA00624B09 /* HouseName.swift in Sources */ = {isa = PBXBuildFile; fileRef = 23F8C818215E7BCA00624B09 /* HouseName.swift */; };
		23F9102A215F909F00CEC21A /* MembersDetailViewController.swift in Sources */ = {isa = PBXBuildFile; fileRef = 23F91028215F909F00CEC21A /* MembersDetailViewController.swift */; };
		23F9102B215F909F00CEC21A /* MembersDetailViewController.xib in Resources */ = {isa = PBXBuildFile; fileRef = 23F91029215F909F00CEC21A /* MembersDetailViewController.xib */; };
/* End PBXBuildFile section */

/* Begin PBXContainerItemProxy section */
		23786D862141B36F00FB006A /* PBXContainerItemProxy */ = {
			isa = PBXContainerItemProxy;
			containerPortal = 23786D692141B36B00FB006A /* Project object */;
			proxyType = 1;
			remoteGlobalIDString = 23786D702141B36C00FB006A;
			remoteInfo = Westeros;
		};
/* End PBXContainerItemProxy section */

/* Begin PBXFileReference section */
		23064984215D710300778E85 /* SplitViewController.swift */ = {isa = PBXFileReference; lastKnownFileType = sourcecode.swift; path = SplitViewController.swift; sourceTree = "<group>"; };
		23064985215D710300778E85 /* SplitViewController.xib */ = {isa = PBXFileReference; lastKnownFileType = file.xib; path = SplitViewController.xib; sourceTree = "<group>"; };
		2306499A215DAB8900778E85 /* HouseListDetailableViewController.swift */ = {isa = PBXFileReference; lastKnownFileType = sourcecode.swift; path = HouseListDetailableViewController.swift; sourceTree = "<group>"; };
		2306499B215DAB8900778E85 /* HouseListDetailableViewController.xib */ = {isa = PBXFileReference; lastKnownFileType = file.xib; path = HouseListDetailableViewController.xib; sourceTree = "<group>"; };
		2313665F215848A800FF86FF /* SeasonListViewController.swift */ = {isa = PBXFileReference; lastKnownFileType = sourcecode.swift; path = SeasonListViewController.swift; sourceTree = "<group>"; };
		23136660215848A800FF86FF /* SeasonListViewController.xib */ = {isa = PBXFileReference; lastKnownFileType = file.xib; path = SeasonListViewController.xib; sourceTree = "<group>"; };
		23136663215851AB00FF86FF /* SeasonDetailViewController.swift */ = {isa = PBXFileReference; lastKnownFileType = sourcecode.swift; path = SeasonDetailViewController.swift; sourceTree = "<group>"; };
		23136664215851AB00FF86FF /* SeasonDetailViewController.xib */ = {isa = PBXFileReference; lastKnownFileType = file.xib; path = SeasonDetailViewController.xib; sourceTree = "<group>"; };
		231382F02158B575008A0A69 /* EpisodeListViewController.swift */ = {isa = PBXFileReference; lastKnownFileType = sourcecode.swift; path = EpisodeListViewController.swift; sourceTree = "<group>"; };
		231382F12158B575008A0A69 /* EpisodeListViewController.xib */ = {isa = PBXFileReference; lastKnownFileType = file.xib; path = EpisodeListViewController.xib; sourceTree = "<group>"; };
		231C1AF62149A1A900707320 /* codeIsComing.png */ = {isa = PBXFileReference; lastKnownFileType = image.png; path = codeIsComing.png; sourceTree = "<group>"; };
		231C1AF82149A1B500707320 /* lannister.jpg */ = {isa = PBXFileReference; lastKnownFileType = image.jpeg; path = lannister.jpg; sourceTree = "<group>"; };
		231C1AFA2149A1BC00707320 /* targaryenSmall.jpg */ = {isa = PBXFileReference; lastKnownFileType = image.jpeg; path = targaryenSmall.jpg; sourceTree = "<group>"; };
		231C1AFE2149A32000707320 /* HouseDetailViewController.swift */ = {isa = PBXFileReference; lastKnownFileType = sourcecode.swift; path = HouseDetailViewController.swift; sourceTree = "<group>"; };
		231C1AFF2149A32000707320 /* HouseDetailViewController.xib */ = {isa = PBXFileReference; lastKnownFileType = file.xib; path = HouseDetailViewController.xib; sourceTree = "<group>"; };
		231C1B062149B9F500707320 /* UIViewController+Navigation.swift */ = {isa = PBXFileReference; lastKnownFileType = sourcecode.swift; path = "UIViewController+Navigation.swift"; sourceTree = "<group>"; };
		231C1B082149BBFA00707320 /* RepositoriesTest.swift */ = {isa = PBXFileReference; lastKnownFileType = sourcecode.swift; path = RepositoriesTest.swift; sourceTree = "<group>"; };
		231C1B0B2149BCC800707320 /* Repository.swift */ = {isa = PBXFileReference; lastKnownFileType = sourcecode.swift; path = Repository.swift; sourceTree = "<group>"; };
		231C20842159616E00024F2D /* EpisodeDetailViewController.swift */ = {isa = PBXFileReference; lastKnownFileType = sourcecode.swift; path = EpisodeDetailViewController.swift; sourceTree = "<group>"; };
		231C20852159616E00024F2D /* EpisodeDetailViewController.xib */ = {isa = PBXFileReference; lastKnownFileType = file.xib; path = EpisodeDetailViewController.xib; sourceTree = "<group>"; };
		23233B81215189B900E7D849 /* MemberListViewController.swift */ = {isa = PBXFileReference; lastKnownFileType = sourcecode.swift; path = MemberListViewController.swift; sourceTree = "<group>"; };
		23233B82215189B900E7D849 /* MemberListViewController.xib */ = {isa = PBXFileReference; lastKnownFileType = file.xib; path = MemberListViewController.xib; sourceTree = "<group>"; };
		234034412150336F00BDB0C2 /* WikiViewController.swift */ = {isa = PBXFileReference; lastKnownFileType = sourcecode.swift; path = WikiViewController.swift; sourceTree = "<group>"; };
		234034422150336F00BDB0C2 /* WikiViewController.xib */ = {isa = PBXFileReference; lastKnownFileType = file.xib; path = WikiViewController.xib; sourceTree = "<group>"; };
		23786D712141B36C00FB006A /* Westeros.app */ = {isa = PBXFileReference; explicitFileType = wrapper.application; includeInIndex = 0; path = Westeros.app; sourceTree = BUILT_PRODUCTS_DIR; };
		23786D742141B36C00FB006A /* AppDelegate.swift */ = {isa = PBXFileReference; lastKnownFileType = sourcecode.swift; path = AppDelegate.swift; sourceTree = "<group>"; };
		23786D7B2141B36E00FB006A /* Assets.xcassets */ = {isa = PBXFileReference; lastKnownFileType = folder.assetcatalog; path = Assets.xcassets; sourceTree = "<group>"; };
		23786D7E2141B36E00FB006A /* Base */ = {isa = PBXFileReference; lastKnownFileType = file.storyboard; name = Base; path = Base.lproj/LaunchScreen.storyboard; sourceTree = "<group>"; };
		23786D802141B36E00FB006A /* Info.plist */ = {isa = PBXFileReference; lastKnownFileType = text.plist.xml; path = Info.plist; sourceTree = "<group>"; };
		23786D852141B36E00FB006A /* WesterosTests.xctest */ = {isa = PBXFileReference; explicitFileType = wrapper.cfbundle; includeInIndex = 0; path = WesterosTests.xctest; sourceTree = BUILT_PRODUCTS_DIR; };
		23786D8B2141B36F00FB006A /* Info.plist */ = {isa = PBXFileReference; lastKnownFileType = text.plist.xml; path = Info.plist; sourceTree = "<group>"; };
		23786D942141BC0F00FB006A /* HouseTests.swift */ = {isa = PBXFileReference; lastKnownFileType = sourcecode.swift; path = HouseTests.swift; sourceTree = "<group>"; };
		23786D972141BDA300FB006A /* House.swift */ = {isa = PBXFileReference; lastKnownFileType = sourcecode.swift; path = House.swift; sourceTree = "<group>"; };
		23786D992141C22800FB006A /* Sigil.swift */ = {isa = PBXFileReference; lastKnownFileType = sourcecode.swift; path = Sigil.swift; sourceTree = "<group>"; };
		23786D9B2141C9AF00FB006A /* Person.swift */ = {isa = PBXFileReference; lastKnownFileType = sourcecode.swift; path = Person.swift; sourceTree = "<group>"; };
		23786D9D2141CA0D00FB006A /* PersonTests.swift */ = {isa = PBXFileReference; lastKnownFileType = sourcecode.swift; path = PersonTests.swift; sourceTree = "<group>"; };
		238A85C02151A89200E9CC24 /* Constants.swift */ = {isa = PBXFileReference; lastKnownFileType = sourcecode.swift; path = Constants.swift; sourceTree = "<group>"; };
		238A85C42151B57000E9CC24 /* SeasonsTest.swift */ = {isa = PBXFileReference; lastKnownFileType = sourcecode.swift; path = SeasonsTest.swift; sourceTree = "<group>"; };
		238A85C62151B60A00E9CC24 /* Season.swift */ = {isa = PBXFileReference; lastKnownFileType = sourcecode.swift; path = Season.swift; sourceTree = "<group>"; };
		23B0C6AD2152D06C00F0E3C8 /* Date.swift */ = {isa = PBXFileReference; lastKnownFileType = sourcecode.swift; path = Date.swift; sourceTree = "<group>"; };
		23B0C6AF2152D98000F0E3C8 /* EpisodesTest.swift */ = {isa = PBXFileReference; lastKnownFileType = sourcecode.swift; path = EpisodesTest.swift; sourceTree = "<group>"; };
		23B0C6B12152DAC500F0E3C8 /* Notification+Name.swift */ = {isa = PBXFileReference; lastKnownFileType = sourcecode.swift; path = "Notification+Name.swift"; sourceTree = "<group>"; };
		23B0C6B52152DF2D00F0E3C8 /* HouseCell.swift */ = {isa = PBXFileReference; lastKnownFileType = sourcecode.swift; path = HouseCell.swift; sourceTree = "<group>"; };
		23B0C6B62152DF2D00F0E3C8 /* HouseCell.xib */ = {isa = PBXFileReference; lastKnownFileType = file.xib; path = HouseCell.xib; sourceTree = "<group>"; };
		23B0C6B92152E95400F0E3C8 /* Episode.swift */ = {isa = PBXFileReference; lastKnownFileType = sourcecode.swift; path = Episode.swift; sourceTree = "<group>"; };
		23F8C818215E7BCA00624B09 /* HouseName.swift */ = {isa = PBXFileReference; lastKnownFileType = sourcecode.swift; path = HouseName.swift; sourceTree = "<group>"; };
		23F91028215F909F00CEC21A /* MembersDetailViewController.swift */ = {isa = PBXFileReference; lastKnownFileType = sourcecode.swift; path = MembersDetailViewController.swift; sourceTree = "<group>"; };
		23F91029215F909F00CEC21A /* MembersDetailViewController.xib */ = {isa = PBXFileReference; lastKnownFileType = file.xib; path = MembersDetailViewController.xib; sourceTree = "<group>"; };
/* End PBXFileReference section */

/* Begin PBXFrameworksBuildPhase section */
		23786D6E2141B36C00FB006A /* Frameworks */ = {
			isa = PBXFrameworksBuildPhase;
			buildActionMask = 2147483647;
			files = (
			);
			runOnlyForDeploymentPostprocessing = 0;
		};
		23786D822141B36E00FB006A /* Frameworks */ = {
			isa = PBXFrameworksBuildPhase;
			buildActionMask = 2147483647;
			files = (
			);
			runOnlyForDeploymentPostprocessing = 0;
		};
/* End PBXFrameworksBuildPhase section */

/* Begin PBXGroup section */
		231C1AFC2149A1CA00707320 /* Resources */ = {
			isa = PBXGroup;
			children = (
				231C1AF62149A1A900707320 /* codeIsComing.png */,
				231C1AF82149A1B500707320 /* lannister.jpg */,
				231C1AFA2149A1BC00707320 /* targaryenSmall.jpg */,
			);
			path = Resources;
			sourceTree = "<group>";
		};
		231C1AFD2149A29A00707320 /* Controllers */ = {
			isa = PBXGroup;
			children = (
				231C1AFE2149A32000707320 /* HouseDetailViewController.swift */,
				231C1AFF2149A32000707320 /* HouseDetailViewController.xib */,
				234034412150336F00BDB0C2 /* WikiViewController.swift */,
				234034422150336F00BDB0C2 /* WikiViewController.xib */,
				23233B81215189B900E7D849 /* MemberListViewController.swift */,
				23233B82215189B900E7D849 /* MemberListViewController.xib */,
				2313665F215848A800FF86FF /* SeasonListViewController.swift */,
				23136660215848A800FF86FF /* SeasonListViewController.xib */,
				23136663215851AB00FF86FF /* SeasonDetailViewController.swift */,
				23136664215851AB00FF86FF /* SeasonDetailViewController.xib */,
				231382F02158B575008A0A69 /* EpisodeListViewController.swift */,
				231382F12158B575008A0A69 /* EpisodeListViewController.xib */,
				231C20842159616E00024F2D /* EpisodeDetailViewController.swift */,
				231C20852159616E00024F2D /* EpisodeDetailViewController.xib */,
				23064984215D710300778E85 /* SplitViewController.swift */,
				23064985215D710300778E85 /* SplitViewController.xib */,
				2306499A215DAB8900778E85 /* HouseListDetailableViewController.swift */,
				2306499B215DAB8900778E85 /* HouseListDetailableViewController.xib */,
				23F91028215F909F00CEC21A /* MembersDetailViewController.swift */,
				23F91029215F909F00CEC21A /* MembersDetailViewController.xib */,
			);
			path = Controllers;
			sourceTree = "<group>";
		};
		231C1B052149B9BB00707320 /* Additions */ = {
			isa = PBXGroup;
			children = (
				231C1B062149B9F500707320 /* UIViewController+Navigation.swift */,
				23B0C6AD2152D06C00F0E3C8 /* Date.swift */,
				23B0C6B12152DAC500F0E3C8 /* Notification+Name.swift */,
			);
			path = Additions;
			sourceTree = "<group>";
		};
		231C1B0A2149BCB000707320 /* Repositories */ = {
			isa = PBXGroup;
			children = (
				231C1B0B2149BCC800707320 /* Repository.swift */,
			);
			path = Repositories;
			sourceTree = "<group>";
		};
		23786D682141B36B00FB006A = {
			isa = PBXGroup;
			children = (
				23786D732141B36C00FB006A /* Westeros */,
				23786D882141B36F00FB006A /* WesterosTests */,
				23786D722141B36C00FB006A /* Products */,
			);
			sourceTree = "<group>";
		};
		23786D722141B36C00FB006A /* Products */ = {
			isa = PBXGroup;
			children = (
				23786D712141B36C00FB006A /* Westeros.app */,
				23786D852141B36E00FB006A /* WesterosTests.xctest */,
			);
			name = Products;
			sourceTree = "<group>";
		};
		23786D732141B36C00FB006A /* Westeros */ = {
			isa = PBXGroup;
			children = (
				23B0C6B42152DEFD00F0E3C8 /* Views */,
				231C1B052149B9BB00707320 /* Additions */,
				231C1AFD2149A29A00707320 /* Controllers */,
				231C1AFC2149A1CA00707320 /* Resources */,
				23786D962141BD7000FB006A /* Domain */,
				23786D742141B36C00FB006A /* AppDelegate.swift */,
				23786D7B2141B36E00FB006A /* Assets.xcassets */,
				23786D7D2141B36E00FB006A /* LaunchScreen.storyboard */,
				23786D802141B36E00FB006A /* Info.plist */,
				238A85C02151A89200E9CC24 /* Constants.swift */,
			);
			path = Westeros;
			sourceTree = "<group>";
		};
		23786D882141B36F00FB006A /* WesterosTests */ = {
			isa = PBXGroup;
			children = (
				23786D8B2141B36F00FB006A /* Info.plist */,
				23786D942141BC0F00FB006A /* HouseTests.swift */,
				23786D9D2141CA0D00FB006A /* PersonTests.swift */,
				231C1B082149BBFA00707320 /* RepositoriesTest.swift */,
				238A85C42151B57000E9CC24 /* SeasonsTest.swift */,
				23B0C6AF2152D98000F0E3C8 /* EpisodesTest.swift */,
			);
			path = WesterosTests;
			sourceTree = "<group>";
		};
		23786D962141BD7000FB006A /* Domain */ = {
			isa = PBXGroup;
			children = (
				231C1B0A2149BCB000707320 /* Repositories */,
				23786D972141BDA300FB006A /* House.swift */,
				23F8C818215E7BCA00624B09 /* HouseName.swift */,
				23786D992141C22800FB006A /* Sigil.swift */,
				23786D9B2141C9AF00FB006A /* Person.swift */,
				238A85C62151B60A00E9CC24 /* Season.swift */,
				23B0C6B92152E95400F0E3C8 /* Episode.swift */,
			);
			path = Domain;
			sourceTree = "<group>";
		};
		23B0C6B42152DEFD00F0E3C8 /* Views */ = {
			isa = PBXGroup;
			children = (
				23B0C6B52152DF2D00F0E3C8 /* HouseCell.swift */,
				23B0C6B62152DF2D00F0E3C8 /* HouseCell.xib */,
			);
			path = Views;
			sourceTree = "<group>";
		};
/* End PBXGroup section */

/* Begin PBXNativeTarget section */
		23786D702141B36C00FB006A /* Westeros */ = {
			isa = PBXNativeTarget;
			buildConfigurationList = 23786D8E2141B36F00FB006A /* Build configuration list for PBXNativeTarget "Westeros" */;
			buildPhases = (
				23786D6D2141B36C00FB006A /* Sources */,
				23786D6E2141B36C00FB006A /* Frameworks */,
				23786D6F2141B36C00FB006A /* Resources */,
			);
			buildRules = (
			);
			dependencies = (
			);
			name = Westeros;
			productName = Westeros;
			productReference = 23786D712141B36C00FB006A /* Westeros.app */;
			productType = "com.apple.product-type.application";
		};
		23786D842141B36E00FB006A /* WesterosTests */ = {
			isa = PBXNativeTarget;
			buildConfigurationList = 23786D912141B36F00FB006A /* Build configuration list for PBXNativeTarget "WesterosTests" */;
			buildPhases = (
				23786D812141B36E00FB006A /* Sources */,
				23786D822141B36E00FB006A /* Frameworks */,
				23786D832141B36E00FB006A /* Resources */,
			);
			buildRules = (
			);
			dependencies = (
				23786D872141B36F00FB006A /* PBXTargetDependency */,
			);
			name = WesterosTests;
			productName = WesterosTests;
			productReference = 23786D852141B36E00FB006A /* WesterosTests.xctest */;
			productType = "com.apple.product-type.bundle.unit-test";
		};
/* End PBXNativeTarget section */

/* Begin PBXProject section */
		23786D692141B36B00FB006A /* Project object */ = {
			isa = PBXProject;
			attributes = {
				LastSwiftUpdateCheck = 1000;
				LastUpgradeCheck = 1000;
				ORGANIZATIONNAME = "David Braga ";
				TargetAttributes = {
					23786D702141B36C00FB006A = {
						CreatedOnToolsVersion = 10.0;
					};
					23786D842141B36E00FB006A = {
						CreatedOnToolsVersion = 10.0;
						LastSwiftMigration = 1000;
						TestTargetID = 23786D702141B36C00FB006A;
					};
				};
			};
			buildConfigurationList = 23786D6C2141B36B00FB006A /* Build configuration list for PBXProject "Westeros" */;
			compatibilityVersion = "Xcode 9.3";
			developmentRegion = en;
			hasScannedForEncodings = 0;
			knownRegions = (
				en,
				Base,
			);
			mainGroup = 23786D682141B36B00FB006A;
			productRefGroup = 23786D722141B36C00FB006A /* Products */;
			projectDirPath = "";
			projectRoot = "";
			targets = (
				23786D702141B36C00FB006A /* Westeros */,
				23786D842141B36E00FB006A /* WesterosTests */,
			);
		};
/* End PBXProject section */

/* Begin PBXResourcesBuildPhase section */
		23786D6F2141B36C00FB006A /* Resources */ = {
			isa = PBXResourcesBuildPhase;
			buildActionMask = 2147483647;
			files = (
				2306499D215DAB8900778E85 /* HouseListDetailableViewController.xib in Resources */,
				23F9102B215F909F00CEC21A /* MembersDetailViewController.xib in Resources */,
				23136666215851AB00FF86FF /* SeasonDetailViewController.xib in Resources */,
				231C1AF92149A1B500707320 /* lannister.jpg in Resources */,
				234034442150336F00BDB0C2 /* WikiViewController.xib in Resources */,
				23B0C6B82152DF2D00F0E3C8 /* HouseCell.xib in Resources */,
				231C1AFB2149A1BC00707320 /* targaryenSmall.jpg in Resources */,
				23064987215D710300778E85 /* SplitViewController.xib in Resources */,
				23233B84215189B900E7D849 /* MemberListViewController.xib in Resources */,
				23136662215848A800FF86FF /* SeasonListViewController.xib in Resources */,
				231C1B012149A32000707320 /* HouseDetailViewController.xib in Resources */,
				231C20872159616E00024F2D /* EpisodeDetailViewController.xib in Resources */,
				231C1AF72149A1A900707320 /* codeIsComing.png in Resources */,
				231382F32158B575008A0A69 /* EpisodeListViewController.xib in Resources */,
				23786D7F2141B36E00FB006A /* LaunchScreen.storyboard in Resources */,
				23786D7C2141B36E00FB006A /* Assets.xcassets in Resources */,
			);
			runOnlyForDeploymentPostprocessing = 0;
		};
		23786D832141B36E00FB006A /* Resources */ = {
			isa = PBXResourcesBuildPhase;
			buildActionMask = 2147483647;
			files = (
			);
			runOnlyForDeploymentPostprocessing = 0;
		};
/* End PBXResourcesBuildPhase section */

/* Begin PBXSourcesBuildPhase section */
		23786D6D2141B36C00FB006A /* Sources */ = {
			isa = PBXSourcesBuildPhase;
			buildActionMask = 2147483647;
			files = (
				231C1B0C2149BCC800707320 /* Repository.swift in Sources */,
				2306499C215DAB8900778E85 /* HouseListDetailableViewController.swift in Sources */,
				23F9102A215F909F00CEC21A /* MembersDetailViewController.swift in Sources */,
				23B0C6BA2152E95400F0E3C8 /* Episode.swift in Sources */,
				238A85C12151A89200E9CC24 /* Constants.swift in Sources */,
				231C1B072149B9F500707320 /* UIViewController+Navigation.swift in Sources */,
				23136661215848A800FF86FF /* SeasonListViewController.swift in Sources */,
				231C1B002149A32000707320 /* HouseDetailViewController.swift in Sources */,
				238A85C72151B60A00E9CC24 /* Season.swift in Sources */,
				23136665215851AB00FF86FF /* SeasonDetailViewController.swift in Sources */,
				23786D9A2141C22800FB006A /* Sigil.swift in Sources */,
				23233B83215189B900E7D849 /* MemberListViewController.swift in Sources */,
				23786D982141BDA300FB006A /* House.swift in Sources */,
				23786D752141B36C00FB006A /* AppDelegate.swift in Sources */,
				234034432150336F00BDB0C2 /* WikiViewController.swift in Sources */,
				23786D9C2141C9AF00FB006A /* Person.swift in Sources */,
				231C20862159616E00024F2D /* EpisodeDetailViewController.swift in Sources */,
				231382F22158B575008A0A69 /* EpisodeListViewController.swift in Sources */,
				23B0C6B22152DAC500F0E3C8 /* Notification+Name.swift in Sources */,
				23B0C6AE2152D06D00F0E3C8 /* Date.swift in Sources */,
				23B0C6B72152DF2D00F0E3C8 /* HouseCell.swift in Sources */,
				23064986215D710300778E85 /* SplitViewController.swift in Sources */,
				23F8C819215E7BCA00624B09 /* HouseName.swift in Sources */,
			);
			runOnlyForDeploymentPostprocessing = 0;
		};
		23786D812141B36E00FB006A /* Sources */ = {
			isa = PBXSourcesBuildPhase;
			buildActionMask = 2147483647;
			files = (
				23B0C6B02152D98000F0E3C8 /* EpisodesTest.swift in Sources */,
				238A85C52151B57000E9CC24 /* SeasonsTest.swift in Sources */,
				23786D952141BC0F00FB006A /* HouseTests.swift in Sources */,
				231C1B092149BBFA00707320 /* RepositoriesTest.swift in Sources */,
				23786D9E2141CA0D00FB006A /* PersonTests.swift in Sources */,
			);
			runOnlyForDeploymentPostprocessing = 0;
		};
/* End PBXSourcesBuildPhase section */

/* Begin PBXTargetDependency section */
		23786D872141B36F00FB006A /* PBXTargetDependency */ = {
			isa = PBXTargetDependency;
			target = 23786D702141B36C00FB006A /* Westeros */;
			targetProxy = 23786D862141B36F00FB006A /* PBXContainerItemProxy */;
		};
/* End PBXTargetDependency section */

/* Begin PBXVariantGroup section */
		23786D7D2141B36E00FB006A /* LaunchScreen.storyboard */ = {
			isa = PBXVariantGroup;
			children = (
				23786D7E2141B36E00FB006A /* Base */,
			);
			name = LaunchScreen.storyboard;
			sourceTree = "<group>";
		};
/* End PBXVariantGroup section */

/* Begin XCBuildConfiguration section */
		23786D8C2141B36F00FB006A /* Debug */ = {
			isa = XCBuildConfiguration;
			buildSettings = {
				ALWAYS_SEARCH_USER_PATHS = NO;
				CLANG_ANALYZER_NONNULL = YES;
				CLANG_ANALYZER_NUMBER_OBJECT_CONVERSION = YES_AGGRESSIVE;
				CLANG_CXX_LANGUAGE_STANDARD = "gnu++14";
				CLANG_CXX_LIBRARY = "libc++";
				CLANG_ENABLE_MODULES = YES;
				CLANG_ENABLE_OBJC_ARC = YES;
				CLANG_ENABLE_OBJC_WEAK = YES;
				CLANG_WARN_BLOCK_CAPTURE_AUTORELEASING = YES;
				CLANG_WARN_BOOL_CONVERSION = YES;
				CLANG_WARN_COMMA = YES;
				CLANG_WARN_CONSTANT_CONVERSION = YES;
				CLANG_WARN_DEPRECATED_OBJC_IMPLEMENTATIONS = YES;
				CLANG_WARN_DIRECT_OBJC_ISA_USAGE = YES_ERROR;
				CLANG_WARN_DOCUMENTATION_COMMENTS = YES;
				CLANG_WARN_EMPTY_BODY = YES;
				CLANG_WARN_ENUM_CONVERSION = YES;
				CLANG_WARN_INFINITE_RECURSION = YES;
				CLANG_WARN_INT_CONVERSION = YES;
				CLANG_WARN_NON_LITERAL_NULL_CONVERSION = YES;
				CLANG_WARN_OBJC_IMPLICIT_RETAIN_SELF = YES;
				CLANG_WARN_OBJC_LITERAL_CONVERSION = YES;
				CLANG_WARN_OBJC_ROOT_CLASS = YES_ERROR;
				CLANG_WARN_RANGE_LOOP_ANALYSIS = YES;
				CLANG_WARN_STRICT_PROTOTYPES = YES;
				CLANG_WARN_SUSPICIOUS_MOVE = YES;
				CLANG_WARN_UNGUARDED_AVAILABILITY = YES_AGGRESSIVE;
				CLANG_WARN_UNREACHABLE_CODE = YES;
				CLANG_WARN__DUPLICATE_METHOD_MATCH = YES;
				CODE_SIGN_IDENTITY = "iPhone Developer";
				COPY_PHASE_STRIP = NO;
				DEBUG_INFORMATION_FORMAT = dwarf;
				ENABLE_STRICT_OBJC_MSGSEND = YES;
				ENABLE_TESTABILITY = YES;
				GCC_C_LANGUAGE_STANDARD = gnu11;
				GCC_DYNAMIC_NO_PIC = NO;
				GCC_NO_COMMON_BLOCKS = YES;
				GCC_OPTIMIZATION_LEVEL = 0;
				GCC_PREPROCESSOR_DEFINITIONS = (
					"DEBUG=1",
					"$(inherited)",
				);
				GCC_WARN_64_TO_32_BIT_CONVERSION = YES;
				GCC_WARN_ABOUT_RETURN_TYPE = YES_ERROR;
				GCC_WARN_UNDECLARED_SELECTOR = YES;
				GCC_WARN_UNINITIALIZED_AUTOS = YES_AGGRESSIVE;
				GCC_WARN_UNUSED_FUNCTION = YES;
				GCC_WARN_UNUSED_VARIABLE = YES;
				IPHONEOS_DEPLOYMENT_TARGET = 12.0;
				MTL_ENABLE_DEBUG_INFO = INCLUDE_SOURCE;
				MTL_FAST_MATH = YES;
				ONLY_ACTIVE_ARCH = YES;
				SDKROOT = iphoneos;
				SWIFT_ACTIVE_COMPILATION_CONDITIONS = DEBUG;
				SWIFT_OPTIMIZATION_LEVEL = "-Onone";
			};
			name = Debug;
		};
		23786D8D2141B36F00FB006A /* Release */ = {
			isa = XCBuildConfiguration;
			buildSettings = {
				ALWAYS_SEARCH_USER_PATHS = NO;
				CLANG_ANALYZER_NONNULL = YES;
				CLANG_ANALYZER_NUMBER_OBJECT_CONVERSION = YES_AGGRESSIVE;
				CLANG_CXX_LANGUAGE_STANDARD = "gnu++14";
				CLANG_CXX_LIBRARY = "libc++";
				CLANG_ENABLE_MODULES = YES;
				CLANG_ENABLE_OBJC_ARC = YES;
				CLANG_ENABLE_OBJC_WEAK = YES;
				CLANG_WARN_BLOCK_CAPTURE_AUTORELEASING = YES;
				CLANG_WARN_BOOL_CONVERSION = YES;
				CLANG_WARN_COMMA = YES;
				CLANG_WARN_CONSTANT_CONVERSION = YES;
				CLANG_WARN_DEPRECATED_OBJC_IMPLEMENTATIONS = YES;
				CLANG_WARN_DIRECT_OBJC_ISA_USAGE = YES_ERROR;
				CLANG_WARN_DOCUMENTATION_COMMENTS = YES;
				CLANG_WARN_EMPTY_BODY = YES;
				CLANG_WARN_ENUM_CONVERSION = YES;
				CLANG_WARN_INFINITE_RECURSION = YES;
				CLANG_WARN_INT_CONVERSION = YES;
				CLANG_WARN_NON_LITERAL_NULL_CONVERSION = YES;
				CLANG_WARN_OBJC_IMPLICIT_RETAIN_SELF = YES;
				CLANG_WARN_OBJC_LITERAL_CONVERSION = YES;
				CLANG_WARN_OBJC_ROOT_CLASS = YES_ERROR;
				CLANG_WARN_RANGE_LOOP_ANALYSIS = YES;
				CLANG_WARN_STRICT_PROTOTYPES = YES;
				CLANG_WARN_SUSPICIOUS_MOVE = YES;
				CLANG_WARN_UNGUARDED_AVAILABILITY = YES_AGGRESSIVE;
				CLANG_WARN_UNREACHABLE_CODE = YES;
				CLANG_WARN__DUPLICATE_METHOD_MATCH = YES;
				CODE_SIGN_IDENTITY = "iPhone Developer";
				COPY_PHASE_STRIP = NO;
				DEBUG_INFORMATION_FORMAT = "dwarf-with-dsym";
				ENABLE_NS_ASSERTIONS = NO;
				ENABLE_STRICT_OBJC_MSGSEND = YES;
				GCC_C_LANGUAGE_STANDARD = gnu11;
				GCC_NO_COMMON_BLOCKS = YES;
				GCC_WARN_64_TO_32_BIT_CONVERSION = YES;
				GCC_WARN_ABOUT_RETURN_TYPE = YES_ERROR;
				GCC_WARN_UNDECLARED_SELECTOR = YES;
				GCC_WARN_UNINITIALIZED_AUTOS = YES_AGGRESSIVE;
				GCC_WARN_UNUSED_FUNCTION = YES;
				GCC_WARN_UNUSED_VARIABLE = YES;
				IPHONEOS_DEPLOYMENT_TARGET = 12.0;
				MTL_ENABLE_DEBUG_INFO = NO;
				MTL_FAST_MATH = YES;
				SDKROOT = iphoneos;
				SWIFT_COMPILATION_MODE = wholemodule;
				SWIFT_OPTIMIZATION_LEVEL = "-O";
				VALIDATE_PRODUCT = YES;
			};
			name = Release;
		};
		23786D8F2141B36F00FB006A /* Debug */ = {
			isa = XCBuildConfiguration;
			buildSettings = {
				ASSETCATALOG_COMPILER_APPICON_NAME = AppIcon;
				CODE_SIGN_IDENTITY = "iPhone Developer";
				CODE_SIGN_STYLE = Automatic;
				DEVELOPMENT_TEAM = F93DBRNLU4;
				INFOPLIST_FILE = Westeros/Info.plist;
				LD_RUNPATH_SEARCH_PATHS = (
					"$(inherited)",
					"@executable_path/Frameworks",
				);
				PRODUCT_BUNDLE_IDENTIFIER = com.gmail.dbraga1985.Westeros;
				PRODUCT_NAME = "$(TARGET_NAME)";
				PROVISIONING_PROFILE_SPECIFIER = "";
				SWIFT_VERSION = 4.2;
				TARGETED_DEVICE_FAMILY = "1,2";
			};
			name = Debug;
		};
		23786D902141B36F00FB006A /* Release */ = {
			isa = XCBuildConfiguration;
			buildSettings = {
				ASSETCATALOG_COMPILER_APPICON_NAME = AppIcon;
				CODE_SIGN_IDENTITY = "iPhone Developer";
				CODE_SIGN_STYLE = Automatic;
				DEVELOPMENT_TEAM = F93DBRNLU4;
				INFOPLIST_FILE = Westeros/Info.plist;
				LD_RUNPATH_SEARCH_PATHS = (
					"$(inherited)",
					"@executable_path/Frameworks",
				);
				PRODUCT_BUNDLE_IDENTIFIER = com.gmail.dbraga1985.Westeros;
				PRODUCT_NAME = "$(TARGET_NAME)";
				PROVISIONING_PROFILE_SPECIFIER = "";
				SWIFT_VERSION = 4.2;
				TARGETED_DEVICE_FAMILY = "1,2";
			};
			name = Release;
		};
		23786D922141B36F00FB006A /* Debug */ = {
			isa = XCBuildConfiguration;
			buildSettings = {
				ALWAYS_EMBED_SWIFT_STANDARD_LIBRARIES = YES;
				BUNDLE_LOADER = "$(TEST_HOST)";
				CLANG_ENABLE_MODULES = YES;
				CODE_SIGN_STYLE = Automatic;
				DEVELOPMENT_TEAM = F93DBRNLU4;
				INFOPLIST_FILE = WesterosTests/Info.plist;
				LD_RUNPATH_SEARCH_PATHS = (
					"$(inherited)",
					"@executable_path/Frameworks",
					"@loader_path/Frameworks",
				);
				PRODUCT_BUNDLE_IDENTIFIER = com.gmail.dbraga1985.WesterosTests;
				PRODUCT_NAME = "$(TARGET_NAME)";
				SWIFT_OPTIMIZATION_LEVEL = "-Onone";
				SWIFT_VERSION = 4.2;
				TARGETED_DEVICE_FAMILY = "1,2";
				TEST_HOST = "$(BUILT_PRODUCTS_DIR)/Westeros.app/Westeros";
			};
			name = Debug;
		};
		23786D932141B36F00FB006A /* Release */ = {
			isa = XCBuildConfiguration;
			buildSettings = {
				ALWAYS_EMBED_SWIFT_STANDARD_LIBRARIES = YES;
				BUNDLE_LOADER = "$(TEST_HOST)";
				CLANG_ENABLE_MODULES = YES;
				CODE_SIGN_STYLE = Automatic;
				DEVELOPMENT_TEAM = F93DBRNLU4;
				INFOPLIST_FILE = WesterosTests/Info.plist;
				LD_RUNPATH_SEARCH_PATHS = (
					"$(inherited)",
					"@executable_path/Frameworks",
					"@loader_path/Frameworks",
				);
				PRODUCT_BUNDLE_IDENTIFIER = com.gmail.dbraga1985.WesterosTests;
				PRODUCT_NAME = "$(TARGET_NAME)";
				SWIFT_VERSION = 4.2;
				TARGETED_DEVICE_FAMILY = "1,2";
				TEST_HOST = "$(BUILT_PRODUCTS_DIR)/Westeros.app/Westeros";
			};
			name = Release;
		};
/* End XCBuildConfiguration section */

/* Begin XCConfigurationList section */
		23786D6C2141B36B00FB006A /* Build configuration list for PBXProject "Westeros" */ = {
			isa = XCConfigurationList;
			buildConfigurations = (
				23786D8C2141B36F00FB006A /* Debug */,
				23786D8D2141B36F00FB006A /* Release */,
			);
			defaultConfigurationIsVisible = 0;
			defaultConfigurationName = Release;
		};
		23786D8E2141B36F00FB006A /* Build configuration list for PBXNativeTarget "Westeros" */ = {
			isa = XCConfigurationList;
			buildConfigurations = (
				23786D8F2141B36F00FB006A /* Debug */,
				23786D902141B36F00FB006A /* Release */,
			);
			defaultConfigurationIsVisible = 0;
			defaultConfigurationName = Release;
		};
		23786D912141B36F00FB006A /* Build configuration list for PBXNativeTarget "WesterosTests" */ = {
			isa = XCConfigurationList;
			buildConfigurations = (
				23786D922141B36F00FB006A /* Debug */,
				23786D932141B36F00FB006A /* Release */,
			);
			defaultConfigurationIsVisible = 0;
			defaultConfigurationName = Release;
		};
/* End XCConfigurationList section */
	};
	rootObject = 23786D692141B36B00FB006A /* Project object */;
}
